
Microsoft Visual Studio Solution File, Format Version 12.00
# Visual Studio Version 17
VisualStudioVersion = 17.2.32616.157
MinimumVisualStudioVersion = 10.0.40219.1
Project("{FAE04EC0-301F-11D3-BF4B-00C04F79EFBC}") = "MoodAnalyserDemo", "Day-20-UC1-MoodAnalyser\MoodAnalyserDemo.csproj", "{F2D2DC25-E903-496F-B86D-93172B278DA3}"
EndProject
Project("{FAE04EC0-301F-11D3-BF4B-00C04F79EFBC}") = "TestProject1", "TestProject1\TestProject1.csproj", "{5DBB9878-2F47-4FDE-9387-10C954C1CA24}"
EndProject
Global
	GlobalSection(SolutionConfigurationPlatforms) = preSolution
		Debug|Any CPU = Debug|Any CPU
		Release|Any CPU = Release|Any CPU
	EndGlobalSection
	GlobalSection(ProjectConfigurationPlatforms) = postSolution
		{F2D2DC25-E903-496F-B86D-93172B278DA3}.Debug|Any CPU.ActiveCfg = Debug|Any CPU
		{F2D2DC25-E903-496F-B86D-93172B278DA3}.Debug|Any CPU.Build.0 = Debug|Any CPU
		{F2D2DC25-E903-496F-B86D-93172B278DA3}.Release|Any CPU.ActiveCfg = Release|Any CPU
		{F2D2DC25-E903-496F-B86D-93172B278DA3}.Release|Any CPU.Build.0 = Release|Any CPU
		{5DBB9878-2F47-4FDE-9387-10C954C1CA24}.Debug|Any CPU.ActiveCfg = Debug|Any CPU
		{5DBB9878-2F47-4FDE-9387-10C954C1CA24}.Debug|Any CPU.Build.0 = Debug|Any CPU
		{5DBB9878-2F47-4FDE-9387-10C954C1CA24}.Release|Any CPU.ActiveCfg = Release|Any CPU
		{5DBB9878-2F47-4FDE-9387-10C954C1CA24}.Release|Any CPU.Build.0 = Release|Any CPU
	EndGlobalSection
	GlobalSection(SolutionProperties) = preSolution
		HideSolutionNode = FALSE
	EndGlobalSection
	GlobalSection(ExtensibilityGlobals) = postSolution
		SolutionGuid = {0F9D1285-6946-49F4-A845-D39CDD973070}
	EndGlobalSection
EndGlobal
