
Microsoft Visual Studio Solution File, Format Version 12.00
# Visual Studio Version 17
VisualStudioVersion = 17.2.32616.157
MinimumVisualStudioVersion = 10.0.40219.1
Project("{FAE04EC0-301F-11D3-BF4B-00C04F79EFBC}") = "Day-20-UC4-DefaultConsTructor", "Day-20-UC4-DefaultConsTructor\Day-20-UC4-DefaultConsTructor.csproj", "{3CF7C166-6FC1-4D47-9002-1727A72B890C}"
EndProject
Global
	GlobalSection(SolutionConfigurationPlatforms) = preSolution
		Debug|Any CPU = Debug|Any CPU
		Release|Any CPU = Release|Any CPU
	EndGlobalSection
	GlobalSection(ProjectConfigurationPlatforms) = postSolution
		{3CF7C166-6FC1-4D47-9002-1727A72B890C}.Debug|Any CPU.ActiveCfg = Debug|Any CPU
		{3CF7C166-6FC1-4D47-9002-1727A72B890C}.Debug|Any CPU.Build.0 = Debug|Any CPU
		{3CF7C166-6FC1-4D47-9002-1727A72B890C}.Release|Any CPU.ActiveCfg = Release|Any CPU
		{3CF7C166-6FC1-4D47-9002-1727A72B890C}.Release|Any CPU.Build.0 = Release|Any CPU
	EndGlobalSection
	GlobalSection(SolutionProperties) = preSolution
		HideSolutionNode = FALSE
	EndGlobalSection
	GlobalSection(ExtensibilityGlobals) = postSolution
		SolutionGuid = {70FEDF9A-1B41-4B1E-B228-9ADEAC3BB6C3}
	EndGlobalSection
EndGlobal
