
Microsoft Visual Studio Solution File, Format Version 12.00
# Visual Studio Version 17
VisualStudioVersion = 17.2.32616.157
MinimumVisualStudioVersion = 10.0.40219.1
Project("{FAE04EC0-301F-11D3-BF4B-00C04F79EFBC}") = "Day-20-UC5-reflection", "Day-20-UC5-reflection\Day-20-UC5-reflection.csproj", "{5F9FBFD7-4507-48E5-AE61-9A53DB61606A}"
EndProject
Global
	GlobalSection(SolutionConfigurationPlatforms) = preSolution
		Debug|Any CPU = Debug|Any CPU
		Release|Any CPU = Release|Any CPU
	EndGlobalSection
	GlobalSection(ProjectConfigurationPlatforms) = postSolution
		{5F9FBFD7-4507-48E5-AE61-9A53DB61606A}.Debug|Any CPU.ActiveCfg = Debug|Any CPU
		{5F9FBFD7-4507-48E5-AE61-9A53DB61606A}.Debug|Any CPU.Build.0 = Debug|Any CPU
		{5F9FBFD7-4507-48E5-AE61-9A53DB61606A}.Release|Any CPU.ActiveCfg = Release|Any CPU
		{5F9FBFD7-4507-48E5-AE61-9A53DB61606A}.Release|Any CPU.Build.0 = Release|Any CPU
	EndGlobalSection
	GlobalSection(SolutionProperties) = preSolution
		HideSolutionNode = FALSE
	EndGlobalSection
	GlobalSection(ExtensibilityGlobals) = postSolution
		SolutionGuid = {4E89AA64-7694-4DB9-9725-C4354A8A865E}
	EndGlobalSection
EndGlobal
